
Microsoft Visual Studio Solution File, Format Version 12.00
# Visual Studio Version 17
VisualStudioVersion = 17.8.34330.188
MinimumVisualStudioVersion = 10.0.40219.1
Project("{8BC9CEB8-8B4A-11D0-8D11-00A0C91BC942}") = "CineVault", "CineVault\CineVault.vcxproj", "{A565FC2F-2C7D-4CE0-8836-90F2AFFA2745}"
EndProject
Global
	GlobalSection(SolutionConfigurationPlatforms) = preSolution
		Debug|x64 = Debug|x64
		Debug|x86 = Debug|x86
		Release|x64 = Release|x64
		Release|x86 = Release|x86
	EndGlobalSection
	GlobalSection(ProjectConfigurationPlatforms) = postSolution
		{A565FC2F-2C7D-4CE0-8836-90F2AFFA2745}.Debug|x64.ActiveCfg = Debug|x64
		{A565FC2F-2C7D-4CE0-8836-90F2AFFA2745}.Debug|x64.Build.0 = Debug|x64
		{A565FC2F-2C7D-4CE0-8836-90F2AFFA2745}.Debug|x86.ActiveCfg = Debug|Win32
		{A565FC2F-2C7D-4CE0-8836-90F2AFFA2745}.Debug|x86.Build.0 = Debug|Win32
		{A565FC2F-2C7D-4CE0-8836-90F2AFFA2745}.Release|x64.ActiveCfg = Release|x64
		{A565FC2F-2C7D-4CE0-8836-90F2AFFA2745}.Release|x64.Build.0 = Release|x64
		{A565FC2F-2C7D-4CE0-8836-90F2AFFA2745}.Release|x86.ActiveCfg = Release|Win32
		{A565FC2F-2C7D-4CE0-8836-90F2AFFA2745}.Release|x86.Build.0 = Release|Win32
	EndGlobalSection
	GlobalSection(SolutionProperties) = preSolution
		HideSolutionNode = FALSE
	EndGlobalSection
	GlobalSection(ExtensibilityGlobals) = postSolution
		SolutionGuid = {B531E0FB-6721-4889-93E4-362183BED0F7}
	EndGlobalSection
EndGlobal
